// !$*UTF8*$!
{
	archiveVersion = 1;
	classes = {
	};
	objectVersion = 46;
	objects = {

/* Begin PBXBuildFile section */
		DB431E421C8E79C1000D5C90 /* AppDelegate.swift in Sources */ = {isa = PBXBuildFile; fileRef = DB431E411C8E79C1000D5C90 /* AppDelegate.swift */; };
		DB431E441C8E79C1000D5C90 /* ViewController.swift in Sources */ = {isa = PBXBuildFile; fileRef = DB431E431C8E79C1000D5C90 /* ViewController.swift */; };
		DB431E471C8E79C1000D5C90 /* Main.storyboard in Resources */ = {isa = PBXBuildFile; fileRef = DB431E451C8E79C1000D5C90 /* Main.storyboard */; };
		DB431E491C8E79C1000D5C90 /* Assets.xcassets in Resources */ = {isa = PBXBuildFile; fileRef = DB431E481C8E79C1000D5C90 /* Assets.xcassets */; };
		DB431E4C1C8E79C1000D5C90 /* LaunchScreen.storyboard in Resources */ = {isa = PBXBuildFile; fileRef = DB431E4A1C8E79C1000D5C90 /* LaunchScreen.storyboard */; };
		DB431E571C8E79C1000D5C90 /* YSimilarZHPullDownDemoTests.swift in Sources */ = {isa = PBXBuildFile; fileRef = DB431E561C8E79C1000D5C90 /* YSimilarZHPullDownDemoTests.swift */; };
		DB431E621C8E79C1000D5C90 /* YSimilarZHPullDownDemoUITests.swift in Sources */ = {isa = PBXBuildFile; fileRef = DB431E611C8E79C1000D5C90 /* YSimilarZHPullDownDemoUITests.swift */; };
/* End PBXBuildFile section */

/* Begin PBXContainerItemProxy section */
		DB431E531C8E79C1000D5C90 /* PBXContainerItemProxy */ = {
			isa = PBXContainerItemProxy;
			containerPortal = DB431E361C8E79C1000D5C90 /* Project object */;
			proxyType = 1;
			remoteGlobalIDString = DB431E3D1C8E79C1000D5C90;
			remoteInfo = YSimilarZHPullDownDemo;
		};
		DB431E5E1C8E79C1000D5C90 /* PBXContainerItemProxy */ = {
			isa = PBXContainerItemProxy;
			containerPortal = DB431E361C8E79C1000D5C90 /* Project object */;
			proxyType = 1;
			remoteGlobalIDString = DB431E3D1C8E79C1000D5C90;
			remoteInfo = YSimilarZHPullDownDemo;
		};
/* End PBXContainerItemProxy section */

/* Begin PBXFileReference section */
		DB431E3E1C8E79C1000D5C90 /* YSimilarZHPullDownDemo.app */ = {isa = PBXFileReference; explicitFileType = wrapper.application; includeInIndex = 0; path = YSimilarZHPullDownDemo.app; sourceTree = BUILT_PRODUCTS_DIR; };
		DB431E411C8E79C1000D5C90 /* AppDelegate.swift */ = {isa = PBXFileReference; lastKnownFileType = sourcecode.swift; path = AppDelegate.swift; sourceTree = "<group>"; };
		DB431E431C8E79C1000D5C90 /* ViewController.swift */ = {isa = PBXFileReference; lastKnownFileType = sourcecode.swift; path = ViewController.swift; sourceTree = "<group>"; };
		DB431E461C8E79C1000D5C90 /* Base */ = {isa = PBXFileReference; lastKnownFileType = file.storyboard; name = Base; path = Base.lproj/Main.storyboard; sourceTree = "<group>"; };
		DB431E481C8E79C1000D5C90 /* Assets.xcassets */ = {isa = PBXFileReference; lastKnownFileType = folder.assetcatalog; path = Assets.xcassets; sourceTree = "<group>"; };
		DB431E4B1C8E79C1000D5C90 /* Base */ = {isa = PBXFileReference; lastKnownFileType = file.storyboard; name = Base; path = Base.lproj/LaunchScreen.storyboard; sourceTree = "<group>"; };
		DB431E4D1C8E79C1000D5C90 /* Info.plist */ = {isa = PBXFileReference; lastKnownFileType = text.plist.xml; path = Info.plist; sourceTree = "<group>"; };
		DB431E521C8E79C1000D5C90 /* YSimilarZHPullDownDemoTests.xctest */ = {isa = PBXFileReference; explicitFileType = wrapper.cfbundle; includeInIndex = 0; path = YSimilarZHPullDownDemoTests.xctest; sourceTree = BUILT_PRODUCTS_DIR; };
		DB431E561C8E79C1000D5C90 /* YSimilarZHPullDownDemoTests.swift */ = {isa = PBXFileReference; lastKnownFileType = sourcecode.swift; path = YSimilarZHPullDownDemoTests.swift; sourceTree = "<group>"; };
		DB431E581C8E79C1000D5C90 /* Info.plist */ = {isa = PBXFileReference; lastKnownFileType = text.plist.xml; path = Info.plist; sourceTree = "<group>"; };
		DB431E5D1C8E79C1000D5C90 /* YSimilarZHPullDownDemoUITests.xctest */ = {isa = PBXFileReference; explicitFileType = wrapper.cfbundle; includeInIndex = 0; path = YSimilarZHPullDownDemoUITests.xctest; sourceTree = BUILT_PRODUCTS_DIR; };
		DB431E611C8E79C1000D5C90 /* YSimilarZHPullDownDemoUITests.swift */ = {isa = PBXFileReference; lastKnownFileType = sourcecode.swift; path = YSimilarZHPullDownDemoUITests.swift; sourceTree = "<group>"; };
		DB431E631C8E79C1000D5C90 /* Info.plist */ = {isa = PBXFileReference; lastKnownFileType = text.plist.xml; path = Info.plist; sourceTree = "<group>"; };
/* End PBXFileReference section */

/* Begin PBXFrameworksBuildPhase section */
		DB431E3B1C8E79C1000D5C90 /* Frameworks */ = {
			isa = PBXFrameworksBuildPhase;
			buildActionMask = 2147483647;
			files = (
			);
			runOnlyForDeploymentPostprocessing = 0;
		};
		DB431E4F1C8E79C1000D5C90 /* Frameworks */ = {
			isa = PBXFrameworksBuildPhase;
			buildActionMask = 2147483647;
			files = (
			);
			runOnlyForDeploymentPostprocessing = 0;
		};
		DB431E5A1C8E79C1000D5C90 /* Frameworks */ = {
			isa = PBXFrameworksBuildPhase;
			buildActionMask = 2147483647;
			files = (
			);
			runOnlyForDeploymentPostprocessing = 0;
		};
/* End PBXFrameworksBuildPhase section */

/* Begin PBXGroup section */
		DB431E351C8E79C1000D5C90 = {
			isa = PBXGroup;
			children = (
				DB431E401C8E79C1000D5C90 /* YSimilarZHPullDownDemo */,
				DB431E551C8E79C1000D5C90 /* YSimilarZHPullDownDemoTests */,
				DB431E601C8E79C1000D5C90 /* YSimilarZHPullDownDemoUITests */,
				DB431E3F1C8E79C1000D5C90 /* Products */,
			);
			sourceTree = "<group>";
		};
		DB431E3F1C8E79C1000D5C90 /* Products */ = {
			isa = PBXGroup;
			children = (
				DB431E3E1C8E79C1000D5C90 /* YSimilarZHPullDownDemo.app */,
				DB431E521C8E79C1000D5C90 /* YSimilarZHPullDownDemoTests.xctest */,
				DB431E5D1C8E79C1000D5C90 /* YSimilarZHPullDownDemoUITests.xctest */,
			);
			name = Products;
			sourceTree = "<group>";
		};
		DB431E401C8E79C1000D5C90 /* YSimilarZHPullDownDemo */ = {
			isa = PBXGroup;
			children = (
				DB431E411C8E79C1000D5C90 /* AppDelegate.swift */,
				DB431E431C8E79C1000D5C90 /* ViewController.swift */,
				DB431E451C8E79C1000D5C90 /* Main.storyboard */,
				DB431E481C8E79C1000D5C90 /* Assets.xcassets */,
				DB431E4A1C8E79C1000D5C90 /* LaunchScreen.storyboard */,
				DB431E4D1C8E79C1000D5C90 /* Info.plist */,
			);
			path = YSimilarZHPullDownDemo;
			sourceTree = "<group>";
		};
		DB431E551C8E79C1000D5C90 /* YSimilarZHPullDownDemoTests */ = {
			isa = PBXGroup;
			children = (
				DB431E561C8E79C1000D5C90 /* YSimilarZHPullDownDemoTests.swift */,
				DB431E581C8E79C1000D5C90 /* Info.plist */,
			);
			path = YSimilarZHPullDownDemoTests;
			sourceTree = "<group>";
		};
		DB431E601C8E79C1000D5C90 /* YSimilarZHPullDownDemoUITests */ = {
			isa = PBXGroup;
			children = (
				DB431E611C8E79C1000D5C90 /* YSimilarZHPullDownDemoUITests.swift */,
				DB431E631C8E79C1000D5C90 /* Info.plist */,
			);
			path = YSimilarZHPullDownDemoUITests;
			sourceTree = "<group>";
		};
/* End PBXGroup section */

/* Begin PBXNativeTarget section */
		DB431E3D1C8E79C1000D5C90 /* YSimilarZHPullDownDemo */ = {
			isa = PBXNativeTarget;
			buildConfigurationList = DB431E661C8E79C1000D5C90 /* Build configuration list for PBXNativeTarget "YSimilarZHPullDownDemo" */;
			buildPhases = (
				DB431E3A1C8E79C1000D5C90 /* Sources */,
				DB431E3B1C8E79C1000D5C90 /* Frameworks */,
				DB431E3C1C8E79C1000D5C90 /* Resources */,
			);
			buildRules = (
			);
			dependencies = (
			);
			name = YSimilarZHPullDownDemo;
			productName = YSimilarZHPullDownDemo;
			productReference = DB431E3E1C8E79C1000D5C90 /* YSimilarZHPullDownDemo.app */;
			productType = "com.apple.product-type.application";
		};
		DB431E511C8E79C1000D5C90 /* YSimilarZHPullDownDemoTests */ = {
			isa = PBXNativeTarget;
			buildConfigurationList = DB431E691C8E79C1000D5C90 /* Build configuration list for PBXNativeTarget "YSimilarZHPullDownDemoTests" */;
			buildPhases = (
				DB431E4E1C8E79C1000D5C90 /* Sources */,
				DB431E4F1C8E79C1000D5C90 /* Frameworks */,
				DB431E501C8E79C1000D5C90 /* Resources */,
			);
			buildRules = (
			);
			dependencies = (
				DB431E541C8E79C1000D5C90 /* PBXTargetDependency */,
			);
			name = YSimilarZHPullDownDemoTests;
			productName = YSimilarZHPullDownDemoTests;
			productReference = DB431E521C8E79C1000D5C90 /* YSimilarZHPullDownDemoTests.xctest */;
			productType = "com.apple.product-type.bundle.unit-test";
		};
		DB431E5C1C8E79C1000D5C90 /* YSimilarZHPullDownDemoUITests */ = {
			isa = PBXNativeTarget;
			buildConfigurationList = DB431E6C1C8E79C1000D5C90 /* Build configuration list for PBXNativeTarget "YSimilarZHPullDownDemoUITests" */;
			buildPhases = (
				DB431E591C8E79C1000D5C90 /* Sources */,
				DB431E5A1C8E79C1000D5C90 /* Frameworks */,
				DB431E5B1C8E79C1000D5C90 /* Resources */,
			);
			buildRules = (
			);
			dependencies = (
				DB431E5F1C8E79C1000D5C90 /* PBXTargetDependency */,
			);
			name = YSimilarZHPullDownDemoUITests;
			productName = YSimilarZHPullDownDemoUITests;
			productReference = DB431E5D1C8E79C1000D5C90 /* YSimilarZHPullDownDemoUITests.xctest */;
			productType = "com.apple.product-type.bundle.ui-testing";
		};
/* End PBXNativeTarget section */

/* Begin PBXProject section */
		DB431E361C8E79C1000D5C90 /* Project object */ = {
			isa = PBXProject;
			attributes = {
				LastSwiftUpdateCheck = 0720;
				LastUpgradeCheck = 0720;
				ORGANIZATIONNAME = YueWen;
				TargetAttributes = {
					DB431E3D1C8E79C1000D5C90 = {
						CreatedOnToolsVersion = 7.2.1;
					};
					DB431E511C8E79C1000D5C90 = {
						CreatedOnToolsVersion = 7.2.1;
						TestTargetID = DB431E3D1C8E79C1000D5C90;
					};
					DB431E5C1C8E79C1000D5C90 = {
						CreatedOnToolsVersion = 7.2.1;
						TestTargetID = DB431E3D1C8E79C1000D5C90;
					};
				};
			};
			buildConfigurationList = DB431E391C8E79C1000D5C90 /* Build configuration list for PBXProject "YSimilarZHPullDownDemo" */;
			compatibilityVersion = "Xcode 3.2";
			developmentRegion = English;
			hasScannedForEncodings = 0;
			knownRegions = (
				en,
				Base,
			);
			mainGroup = DB431E351C8E79C1000D5C90;
			productRefGroup = DB431E3F1C8E79C1000D5C90 /* Products */;
			projectDirPath = "";
			projectRoot = "";
			targets = (
				DB431E3D1C8E79C1000D5C90 /* YSimilarZHPullDownDemo */,
				DB431E511C8E79C1000D5C90 /* YSimilarZHPullDownDemoTests */,
				DB431E5C1C8E79C1000D5C90 /* YSimilarZHPullDownDemoUITests */,
			);
		};
/* End PBXProject section */

/* Begin PBXResourcesBuildPhase section */
		DB431E3C1C8E79C1000D5C90 /* Resources */ = {
			isa = PBXResourcesBuildPhase;
			buildActionMask = 2147483647;
			files = (
				DB431E4C1C8E79C1000D5C90 /* LaunchScreen.storyboard in Resources */,
				DB431E491C8E79C1000D5C90 /* Assets.xcassets in Resources */,
				DB431E471C8E79C1000D5C90 /* Main.storyboard in Resources */,
			);
			runOnlyForDeploymentPostprocessing = 0;
		};
		DB431E501C8E79C1000D5C90 /* Resources */ = {
			isa = PBXResourcesBuildPhase;
			buildActionMask = 2147483647;
			files = (
			);
			runOnlyForDeploymentPostprocessing = 0;
		};
		DB431E5B1C8E79C1000D5C90 /* Resources */ = {
			isa = PBXResourcesBuildPhase;
			buildActionMask = 2147483647;
			files = (
			);
			runOnlyForDeploymentPostprocessing = 0;
		};
/* End PBXResourcesBuildPhase section */

/* Begin PBXSourcesBuildPhase section */
		DB431E3A1C8E79C1000D5C90 /* Sources */ = {
			isa = PBXSourcesBuildPhase;
			buildActionMask = 2147483647;
			files = (
				DB431E441C8E79C1000D5C90 /* ViewController.swift in Sources */,
				DB431E421C8E79C1000D5C90 /* AppDelegate.swift in Sources */,
			);
			runOnlyForDeploymentPostprocessing = 0;
		};
		DB431E4E1C8E79C1000D5C90 /* Sources */ = {
			isa = PBXSourcesBuildPhase;
			buildActionMask = 2147483647;
			files = (
				DB431E571C8E79C1000D5C90 /* YSimilarZHPullDownDemoTests.swift in Sources */,
			);
			runOnlyForDeploymentPostprocessing = 0;
		};
		DB431E591C8E79C1000D5C90 /* Sources */ = {
			isa = PBXSourcesBuildPhase;
			buildActionMask = 2147483647;
			files = (
				DB431E621C8E79C1000D5C90 /* YSimilarZHPullDownDemoUITests.swift in Sources */,
			);
			runOnlyForDeploymentPostprocessing = 0;
		};
/* End PBXSourcesBuildPhase section */

/* Begin PBXTargetDependency section */
		DB431E541C8E79C1000D5C90 /* PBXTargetDependency */ = {
			isa = PBXTargetDependency;
			target = DB431E3D1C8E79C1000D5C90 /* YSimilarZHPullDownDemo */;
			targetProxy = DB431E531C8E79C1000D5C90 /* PBXContainerItemProxy */;
		};
		DB431E5F1C8E79C1000D5C90 /* PBXTargetDependency */ = {
			isa = PBXTargetDependency;
			target = DB431E3D1C8E79C1000D5C90 /* YSimilarZHPullDownDemo */;
			targetProxy = DB431E5E1C8E79C1000D5C90 /* PBXContainerItemProxy */;
		};
/* End PBXTargetDependency section */

/* Begin PBXVariantGroup section */
		DB431E451C8E79C1000D5C90 /* Main.storyboard */ = {
			isa = PBXVariantGroup;
			children = (
				DB431E461C8E79C1000D5C90 /* Base */,
			);
			name = Main.storyboard;
			sourceTree = "<group>";
		};
		DB431E4A1C8E79C1000D5C90 /* LaunchScreen.storyboard */ = {
			isa = PBXVariantGroup;
			children = (
				DB431E4B1C8E79C1000D5C90 /* Base */,
			);
			name = LaunchScreen.storyboard;
			sourceTree = "<group>";
		};
/* End PBXVariantGroup section */

/* Begin XCBuildConfiguration section */
		DB431E641C8E79C1000D5C90 /* Debug */ = {
			isa = XCBuildConfiguration;
			buildSettings = {
				ALWAYS_SEARCH_USER_PATHS = NO;
				CLANG_CXX_LANGUAGE_STANDARD = "gnu++0x";
				CLANG_CXX_LIBRARY = "libc++";
				CLANG_ENABLE_MODULES = YES;
				CLANG_ENABLE_OBJC_ARC = YES;
				CLANG_WARN_BOOL_CONVERSION = YES;
				CLANG_WARN_CONSTANT_CONVERSION = YES;
				CLANG_WARN_DIRECT_OBJC_ISA_USAGE = YES_ERROR;
				CLANG_WARN_EMPTY_BODY = YES;
				CLANG_WARN_ENUM_CONVERSION = YES;
				CLANG_WARN_INT_CONVERSION = YES;
				CLANG_WARN_OBJC_ROOT_CLASS = YES_ERROR;
				CLANG_WARN_UNREACHABLE_CODE = YES;
				CLANG_WARN__DUPLICATE_METHOD_MATCH = YES;
				"CODE_SIGN_IDENTITY[sdk=iphoneos*]" = "iPhone Developer";
				COPY_PHASE_STRIP = NO;
				DEBUG_INFORMATION_FORMAT = dwarf;
				ENABLE_STRICT_OBJC_MSGSEND = YES;
				ENABLE_TESTABILITY = YES;
				GCC_C_LANGUAGE_STANDARD = gnu99;
				GCC_DYNAMIC_NO_PIC = NO;
				GCC_NO_COMMON_BLOCKS = YES;
				GCC_OPTIMIZATION_LEVEL = 0;
				GCC_PREPROCESSOR_DEFINITIONS = (
					"DEBUG=1",
					"$(inherited)",
				);
				GCC_WARN_64_TO_32_BIT_CONVERSION = YES;
				GCC_WARN_ABOUT_RETURN_TYPE = YES_ERROR;
				GCC_WARN_UNDECLARED_SELECTOR = YES;
				GCC_WARN_UNINITIALIZED_AUTOS = YES_AGGRESSIVE;
				GCC_WARN_UNUSED_FUNCTION = YES;
				GCC_WARN_UNUSED_VARIABLE = YES;
				IPHONEOS_DEPLOYMENT_TARGET = 9.2;
				MTL_ENABLE_DEBUG_INFO = YES;
				ONLY_ACTIVE_ARCH = YES;
				SDKROOT = iphoneos;
				SWIFT_OPTIMIZATION_LEVEL = "-Onone";
			};
			name = Debug;
		};
		DB431E651C8E79C1000D5C90 /* Release */ = {
			isa = XCBuildConfiguration;
			buildSettings = {
				ALWAYS_SEARCH_USER_PATHS = NO;
				CLANG_CXX_LANGUAGE_STANDARD = "gnu++0x";
				CLANG_CXX_LIBRARY = "libc++";
				CLANG_ENABLE_MODULES = YES;
				CLANG_ENABLE_OBJC_ARC = YES;
				CLANG_WARN_BOOL_CONVERSION = YES;
				CLANG_WARN_CONSTANT_CONVERSION = YES;
				CLANG_WARN_DIRECT_OBJC_ISA_USAGE = YES_ERROR;
				CLANG_WARN_EMPTY_BODY = YES;
				CLANG_WARN_ENUM_CONVERSION = YES;
				CLANG_WARN_INT_CONVERSION = YES;
				CLANG_WARN_OBJC_ROOT_CLASS = YES_ERROR;
				CLANG_WARN_UNREACHABLE_CODE = YES;
				CLANG_WARN__DUPLICATE_METHOD_MATCH = YES;
				"CODE_SIGN_IDENTITY[sdk=iphoneos*]" = "iPhone Developer";
				COPY_PHASE_STRIP = NO;
				DEBUG_INFORMATION_FORMAT = "dwarf-with-dsym";
				ENABLE_NS_ASSERTIONS = NO;
				ENABLE_STRICT_OBJC_MSGSEND = YES;
				GCC_C_LANGUAGE_STANDARD = gnu99;
				GCC_NO_COMMON_BLOCKS = YES;
				GCC_WARN_64_TO_32_BIT_CONVERSION = YES;
				GCC_WARN_ABOUT_RETURN_TYPE = YES_ERROR;
				GCC_WARN_UNDECLARED_SELECTOR = YES;
				GCC_WARN_UNINITIALIZED_AUTOS = YES_AGGRESSIVE;
				GCC_WARN_UNUSED_FUNCTION = YES;
				GCC_WARN_UNUSED_VARIABLE = YES;
				IPHONEOS_DEPLOYMENT_TARGET = 9.2;
				MTL_ENABLE_DEBUG_INFO = NO;
				SDKROOT = iphoneos;
				VALIDATE_PRODUCT = YES;
			};
			name = Release;
		};
		DB431E671C8E79C1000D5C90 /* Debug */ = {
			isa = XCBuildConfiguration;
			buildSettings = {
				ASSETCATALOG_COMPILER_APPICON_NAME = AppIcon;
				INFOPLIST_FILE = YSimilarZHPullDownDemo/Info.plist;
				LD_RUNPATH_SEARCH_PATHS = "$(inherited) @executable_path/Frameworks";
				PRODUCT_BUNDLE_IDENTIFIER = com.yue.YSimilarZHPullDownDemo;
				PRODUCT_NAME = "$(TARGET_NAME)";
			};
			name = Debug;
		};
		DB431E681C8E79C1000D5C90 /* Release */ = {
			isa = XCBuildConfiguration;
			buildSettings = {
				ASSETCATALOG_COMPILER_APPICON_NAME = AppIcon;
				INFOPLIST_FILE = YSimilarZHPullDownDemo/Info.plist;
				LD_RUNPATH_SEARCH_PATHS = "$(inherited) @executable_path/Frameworks";
				PRODUCT_BUNDLE_IDENTIFIER = com.yue.YSimilarZHPullDownDemo;
				PRODUCT_NAME = "$(TARGET_NAME)";
			};
			name = Release;
		};
		DB431E6A1C8E79C1000D5C90 /* Debug */ = {
			isa = XCBuildConfiguration;
			buildSettings = {
				BUNDLE_LOADER = "$(TEST_HOST)";
				INFOPLIST_FILE = YSimilarZHPullDownDemoTests/Info.plist;
				LD_RUNPATH_SEARCH_PATHS = "$(inherited) @executable_path/Frameworks @loader_path/Frameworks";
				PRODUCT_BUNDLE_IDENTIFIER = com.yue.YSimilarZHPullDownDemoTests;
				PRODUCT_NAME = "$(TARGET_NAME)";
				TEST_HOST = "$(BUILT_PRODUCTS_DIR)/YSimilarZHPullDownDemo.app/YSimilarZHPullDownDemo";
			};
			name = Debug;
		};
		DB431E6B1C8E79C1000D5C90 /* Release */ = {
			isa = XCBuildConfiguration;
			buildSettings = {
				BUNDLE_LOADER = "$(TEST_HOST)";
				INFOPLIST_FILE = YSimilarZHPullDownDemoTests/Info.plist;
				LD_RUNPATH_SEARCH_PATHS = "$(inherited) @executable_path/Frameworks @loader_path/Frameworks";
				PRODUCT_BUNDLE_IDENTIFIER = com.yue.YSimilarZHPullDownDemoTests;
				PRODUCT_NAME = "$(TARGET_NAME)";
				TEST_HOST = "$(BUILT_PRODUCTS_DIR)/YSimilarZHPullDownDemo.app/YSimilarZHPullDownDemo";
			};
			name = Release;
		};
		DB431E6D1C8E79C1000D5C90 /* Debug */ = {
			isa = XCBuildConfiguration;
			buildSettings = {
				INFOPLIST_FILE = YSimilarZHPullDownDemoUITests/Info.plist;
				LD_RUNPATH_SEARCH_PATHS = "$(inherited) @executable_path/Frameworks @loader_path/Frameworks";
				PRODUCT_BUNDLE_IDENTIFIER = com.yue.YSimilarZHPullDownDemoUITests;
				PRODUCT_NAME = "$(TARGET_NAME)";
				TEST_TARGET_NAME = YSimilarZHPullDownDemo;
				USES_XCTRUNNER = YES;
			};
			name = Debug;
		};
		DB431E6E1C8E79C1000D5C90 /* Release */ = {
			isa = XCBuildConfiguration;
			buildSettings = {
				INFOPLIST_FILE = YSimilarZHPullDownDemoUITests/Info.plist;
				LD_RUNPATH_SEARCH_PATHS = "$(inherited) @executable_path/Frameworks @loader_path/Frameworks";
				PRODUCT_BUNDLE_IDENTIFIER = com.yue.YSimilarZHPullDownDemoUITests;
				PRODUCT_NAME = "$(TARGET_NAME)";
				TEST_TARGET_NAME = YSimilarZHPullDownDemo;
				USES_XCTRUNNER = YES;
			};
			name = Release;
		};
/* End XCBuildConfiguration section */

/* Begin XCConfigurationList section */
		DB431E391C8E79C1000D5C90 /* Build configuration list for PBXProject "YSimilarZHPullDownDemo" */ = {
			isa = XCConfigurationList;
			buildConfigurations = (
				DB431E641C8E79C1000D5C90 /* Debug */,
				DB431E651C8E79C1000D5C90 /* Release */,
			);
			defaultConfigurationIsVisible = 0;
			defaultConfigurationName = Release;
		};
		DB431E661C8E79C1000D5C90 /* Build configuration list for PBXNativeTarget "YSimilarZHPullDownDemo" */ = {
			isa = XCConfigurationList;
			buildConfigurations = (
				DB431E671C8E79C1000D5C90 /* Debug */,
				DB431E681C8E79C1000D5C90 /* Release */,
			);
			defaultConfigurationIsVisible = 0;
		};
		DB431E691C8E79C1000D5C90 /* Build configuration list for PBXNativeTarget "YSimilarZHPullDownDemoTests" */ = {
			isa = XCConfigurationList;
			buildConfigurations = (
				DB431E6A1C8E79C1000D5C90 /* Debug */,
				DB431E6B1C8E79C1000D5C90 /* Release */,
			);
			defaultConfigurationIsVisible = 0;
		};
		DB431E6C1C8E79C1000D5C90 /* Build configuration list for PBXNativeTarget "YSimilarZHPullDownDemoUITests" */ = {
			isa = XCConfigurationList;
			buildConfigurations = (
				DB431E6D1C8E79C1000D5C90 /* Debug */,
				DB431E6E1C8E79C1000D5C90 /* Release */,
			);
			defaultConfigurationIsVisible = 0;
		};
/* End XCConfigurationList section */
	};
	rootObject = DB431E361C8E79C1000D5C90 /* Project object */;
}
